<?xml version="1.0" encoding="utf-8"?>
<Project ToolsVersion="4.0" xmlns="http://schemas.microsoft.com/developer/msbuild/2003">
  <ItemGroup>
    <Filter Include="Shaders">
      <UniqueIdentifier>{9f64f4ff-d9e0-43d7-88e1-13e6d3656a89}</UniqueIdentifier>
      <Extensions>hlsl;hlsli</Extensions>
    </Filter>
    <Filter Include="Resources">
      <UniqueIdentifier>{67DA6AB6-F800-4c08-8B7A-83BB121AAD01}</UniqueIdentifier>
      <Extensions>rc;ico;cur;bmp;dlg;rc2;rct;bin;rgs;gif;jpg;jpeg;jpe;resx;tiff;tif;png;wav;mfcribbon-ms</Extensions>
    </Filter>
    <Filter Include="Sources">
      <UniqueIdentifier>{4FC737F1-C7A5-4376-A066-2A32D752A2FF}</UniqueIdentifier>
      <Extensions>cpp;c;cc;cxx;def;odl;idl;hpj;bat;asm;asmx</Extensions>
    </Filter>
    <Filter Include="imgui">
      <UniqueIdentifier>{5d2ed881-4062-49d0-a1ce-86240074d016}</UniqueIdentifier>
    </Filter>
    <Filter Include="Shaders\Sprite">
      <UniqueIdentifier>{5f7ebe19-3afa-4c1e-95ef-c490d833a933}</UniqueIdentifier>
    </Filter>
    <Filter Include="Shaders\Primitive">
      <UniqueIdentifier>{17c06093-5e92-496a-a037-a94f53affcde}</UniqueIdentifier>
    </Filter>
    <Filter Include="Sources\Scene">
      <UniqueIdentifier>{00e13186-186f-4b44-9c19-49660b751b60}</UniqueIdentifier>
    </Filter>
    <Filter Include="Sources\Player">
      <UniqueIdentifier>{31626798-1227-4886-b3da-2366b35af99d}</UniqueIdentifier>
    </Filter>
    <Filter Include="Sources\Graphics">
      <UniqueIdentifier>{d948919f-e666-4638-ab43-ec1dea3ddfbf}</UniqueIdentifier>
    </Filter>
    <Filter Include="Headers">
      <UniqueIdentifier>{93995380-89BD-4b04-88EB-625FBE52EBFB}</UniqueIdentifier>
      <Extensions>h;hh;hpp;hxx;hm;inl;inc;xsd</Extensions>
    </Filter>
  </ItemGroup>
  <ItemGroup>
    <ClCompile Include="SourceCord\cpp_file\key_input.cpp">
      <Filter>Sources</Filter>
    </ClCompile>
    <ClCompile Include="SourceCord\cpp_file\main.cpp">
      <Filter>Sources</Filter>
    </ClCompile>
    <ClCompile Include="SourceCord\cpp_file\shader.cpp">
      <Filter>Sources</Filter>
    </ClCompile>
    <ClCompile Include="SourceCord\cpp_file\texture.cpp">
      <Filter>Sources</Filter>
    </ClCompile>
    <ClCompile Include="SourceCord\imgui\imgui.cpp">
      <Filter>imgui</Filter>
    </ClCompile>
    <ClCompile Include="SourceCord\imgui\imgui_draw.cpp">
      <Filter>imgui</Filter>
    </ClCompile>
    <ClCompile Include="SourceCord\imgui\imgui_impl_dx11.cpp">
      <Filter>imgui</Filter>
    </ClCompile>
    <ClCompile Include="SourceCord\imgui\imgui_impl_win32.cpp">
      <Filter>imgui</Filter>
    </ClCompile>
    <ClCompile Include="SourceCord\imgui\imgui_ja_gryph_ranges.cpp">
      <Filter>imgui</Filter>
    </ClCompile>
    <ClCompile Include="SourceCord\imgui\imgui_widgets.cpp">
      <Filter>imgui</Filter>
    </ClCompile>
    <ClCompile Include="SourceCord\cpp_file\primitive.cpp">
      <Filter>Sources</Filter>
    </ClCompile>
    <ClCompile Include="SourceCord\cpp_file\ui.cpp">
      <Filter>Sources</Filter>
    </ClCompile>
    <ClCompile Include="SourceCord\cpp_file\collision.cpp">
      <Filter>Sources</Filter>
    </ClCompile>
    <ClCompile Include="SourceCord\Player\character.cpp">
      <Filter>Sources\Player</Filter>
    </ClCompile>
    <ClCompile Include="SourceCord\Player\character_manager.cpp">
      <Filter>Sources\Player</Filter>
    </ClCompile>
    <ClCompile Include="SourceCord\Player\player._cirno.cpp">
      <Filter>Sources\Player</Filter>
    </ClCompile>
    <ClCompile Include="SourceCord\Player\player_cirno2.cpp">
      <Filter>Sources\Player</Filter>
    </ClCompile>
    <ClCompile Include="SourceCord\Player\player_tei.cpp">
      <Filter>Sources\Player</Filter>
    </ClCompile>
    <ClCompile Include="SourceCord\Graphics\framework.cpp">
      <Filter>Sources\Graphics</Filter>
    </ClCompile>
    <ClCompile Include="SourceCord\Graphics\Graphics.cpp">
      <Filter>Sources\Graphics</Filter>
    </ClCompile>
    <ClCompile Include="SourceCord\Graphics\sprite.cpp">
      <Filter>Sources\Graphics</Filter>
    </ClCompile>
    <ClCompile Include="SourceCord\Graphics\sprite_batch.cpp">
      <Filter>Sources\Graphics</Filter>
    </ClCompile>
    <ClCompile Include="SourceCord\Scene\scene_load.cpp">
      <Filter>Sources\Scene</Filter>
    </ClCompile>
    <ClCompile Include="SourceCord\Scene\scene_main.cpp">
      <Filter>Sources\Scene</Filter>
    </ClCompile>
    <ClCompile Include="SourceCord\Scene\scene_manager.cpp">
      <Filter>Sources\Scene</Filter>
    </ClCompile>
    <ClCompile Include="SourceCord\Scene\scene_modeselect.cpp">
      <Filter>Sources\Scene</Filter>
    </ClCompile>
    <ClCompile Include="SourceCord\Scene\scene_title.cpp">
      <Filter>Sources\Scene</Filter>
    </ClCompile>
  </ItemGroup>
  <ItemGroup>
    <ClInclude Include="SourceCord\header_file\animation.h">
      <Filter>Headers</Filter>
    </ClInclude>
    <ClInclude Include="SourceCord\header_file\Blender.h">
      <Filter>Headers</Filter>
    </ClInclude>
    <ClInclude Include="SourceCord\header_file\high_resolution_timer.h">
      <Filter>Headers</Filter>
    </ClInclude>
    <ClInclude Include="SourceCord\header_file\key_input.h">
      <Filter>Headers</Filter>
    </ClInclude>
    <ClInclude Include="SourceCord\header_file\misc.h">
      <Filter>Headers</Filter>
    </ClInclude>
    <ClInclude Include="SourceCord\header_file\shader.h">
      <Filter>Headers</Filter>
    </ClInclude>
    <ClInclude Include="SourceCord\header_file\texture.h">
      <Filter>Headers</Filter>
    </ClInclude>
    <ClInclude Include="SourceCord\imgui\imconfig.h">
      <Filter>imgui</Filter>
    </ClInclude>
    <ClInclude Include="SourceCord\imgui\imgui.h">
      <Filter>imgui</Filter>
    </ClInclude>
    <ClInclude Include="SourceCord\imgui\imgui_impl_dx11.h">
      <Filter>imgui</Filter>
    </ClInclude>
    <ClInclude Include="SourceCord\imgui\imgui_impl_win32.h">
      <Filter>imgui</Filter>
    </ClInclude>
    <ClInclude Include="SourceCord\imgui\imgui_internal.h">
      <Filter>imgui</Filter>
    </ClInclude>
    <ClInclude Include="SourceCord\imgui\imstb_rectpack.h">
      <Filter>imgui</Filter>
    </ClInclude>
    <ClInclude Include="SourceCord\imgui\imstb_textedit.h">
      <Filter>imgui</Filter>
    </ClInclude>
    <ClInclude Include="SourceCord\imgui\imstb_truetype.h">
      <Filter>imgui</Filter>
    </ClInclude>
    <ClInclude Include="SourceCord\header_file\primitive.h">
      <Filter>Headers</Filter>
    </ClInclude>
    <ClInclude Include="SourceCord\header_file\ui.h">
      <Filter>Headers</Filter>
    </ClInclude>
    <ClInclude Include="SourceCord\header_file\frame.h">
      <Filter>Headers</Filter>
    </ClInclude>
    <ClInclude Include="SourceCord\header_file\collision.h">
      <Filter>Headers</Filter>
    </ClInclude>
    <ClInclude Include="SourceCord\Player\character.h">
      <Filter>Sources\Player</Filter>
    </ClInclude>
    <ClInclude Include="SourceCord\Player\character_manager.h">
      <Filter>Sources\Player</Filter>
    </ClInclude>
    <ClInclude Include="SourceCord\Player\player_cirno.h">
      <Filter>Sources\Player</Filter>
    </ClInclude>
    <ClInclude Include="SourceCord\Player\player_cirno2.h">
      <Filter>Sources\Player</Filter>
    </ClInclude>
    <ClInclude Include="SourceCord\Player\player_tei.h">
      <Filter>Sources\Player</Filter>
    </ClInclude>
    <ClInclude Include="SourceCord\Graphics\framework.h">
      <Filter>Sources\Graphics</Filter>
    </ClInclude>
    <ClInclude Include="SourceCord\Graphics\Graphics.h">
      <Filter>Sources\Graphics</Filter>
    </ClInclude>
    <ClInclude Include="SourceCord\Graphics\sprite.h">
      <Filter>Sources\Graphics</Filter>
    </ClInclude>
    <ClInclude Include="SourceCord\Graphics\sprite_batch.h">
      <Filter>Sources\Graphics</Filter>
    </ClInclude>
    <ClInclude Include="SourceCord\Scene\scene.h">
      <Filter>Sources\Scene</Filter>
    </ClInclude>
  </ItemGroup>
  <ItemGroup>
    <FxCompile Include="Shaders\sprite_ps.hlsl">
      <Filter>Shaders\Sprite</Filter>
    </FxCompile>
    <FxCompile Include="Shaders\sprite_vs.hlsl">
      <Filter>Shaders\Sprite</Filter>
    </FxCompile>
    <FxCompile Include="Shaders\effect_ps.hlsl">
      <Filter>Shaders</Filter>
    </FxCompile>
    <FxCompile Include="Shaders\primitive_ps.hlsl">
      <Filter>Shaders\Primitive</Filter>
    </FxCompile>
    <FxCompile Include="Shaders\primitive_vs.hlsl">
      <Filter>Shaders\Primitive</Filter>
    </FxCompile>
  </ItemGroup>
  <ItemGroup>
    <None Include="Shaders\sprite.hlsli">
      <Filter>Shaders\Sprite</Filter>
    </None>
    <None Include="Shaders\primitive.hlsli">
      <Filter>Shaders\Primitive</Filter>
    </None>
  </ItemGroup>
</Project>